
Microsoft Visual Studio Solution File, Format Version 12.00
# Visual Studio Version 17
VisualStudioVersion = 17.3.32929.385
MinimumVisualStudioVersion = 10.0.40219.1
Project("{FAE04EC0-301F-11D3-BF4B-00C04F79EFBC}") = "WindowsFormsApp1", "WindowsFormsApp1\WindowsFormsApp1.csproj", "{89C6EBAE-5C36-4C23-89B7-81C80BD2ADBE}"
EndProject
Global
	GlobalSection(SolutionConfigurationPlatforms) = preSolution
		Debug|Any CPU = Debug|Any CPU
		Release|Any CPU = Release|Any CPU
	EndGlobalSection
	GlobalSection(ProjectConfigurationPlatforms) = postSolution
		{89C6EBAE-5C36-4C23-89B7-81C80BD2ADBE}.Debug|Any CPU.ActiveCfg = Debug|Any CPU
		{89C6EBAE-5C36-4C23-89B7-81C80BD2ADBE}.Debug|Any CPU.Build.0 = Debug|Any CPU
		{89C6EBAE-5C36-4C23-89B7-81C80BD2ADBE}.Release|Any CPU.ActiveCfg = Release|Any CPU
		{89C6EBAE-5C36-4C23-89B7-81C80BD2ADBE}.Release|Any CPU.Build.0 = Release|Any CPU
	EndGlobalSection
	GlobalSection(SolutionProperties) = preSolution
		HideSolutionNode = FALSE
	EndGlobalSection
	GlobalSection(ExtensibilityGlobals) = postSolution
		SolutionGuid = {DD672CC6-48AE-4E1E-B514-1F427BA8FE4C}
	EndGlobalSection
EndGlobal
